
Microsoft Visual Studio Solution File, Format Version 12.00
# Visual Studio Version 16
VisualStudioVersion = 16.0.30717.126
MinimumVisualStudioVersion = 10.0.40219.1
Project("{FAE04EC0-301F-11D3-BF4B-00C04F79EFBC}") = "CustomRendererSampleApp.UWP", "CustomRendererSampleApp.UWP\CustomRendererSampleApp.UWP.csproj", "{1CE02E57-8E1D-4EA6-A11B-F94FED668356}"
EndProject
Project("{FAE04EC0-301F-11D3-BF4B-00C04F79EFBC}") = "CustomRendererSampleApp.Android", "CustomRendererSampleApp.Android\CustomRendererSampleApp.Android.csproj", "{0ADDAF04-E494-4370-8198-485B5D985FEB}"
EndProject
Project("{FAE04EC0-301F-11D3-BF4B-00C04F79EFBC}") = "CustomRendererSampleApp.iOS", "CustomRendererSampleApp.iOS\CustomRendererSampleApp.iOS.csproj", "{F7BE515B-8CC3-4046-95C3-86D631641936}"
EndProject
Project("{FAE04EC0-301F-11D3-BF4B-00C04F79EFBC}") = "CustomRendererSampleApp", "CustomRendererSampleApp\CustomRendererSampleApp.csproj", "{50B4043F-B543-4FB0-8554-3A9E6F36D6DB}"
EndProject
Global
	GlobalSection(SolutionConfigurationPlatforms) = preSolution
		Debug|Any CPU = Debug|Any CPU
		Debug|ARM = Debug|ARM
		Debug|iPhone = Debug|iPhone
		Debug|iPhoneSimulator = Debug|iPhoneSimulator
		Debug|x64 = Debug|x64
		Debug|x86 = Debug|x86
		Release|Any CPU = Release|Any CPU
		Release|ARM = Release|ARM
		Release|iPhone = Release|iPhone
		Release|iPhoneSimulator = Release|iPhoneSimulator
		Release|x64 = Release|x64
		Release|x86 = Release|x86
	EndGlobalSection
	GlobalSection(ProjectConfigurationPlatforms) = postSolution
		{1CE02E57-8E1D-4EA6-A11B-F94FED668356}.Debug|Any CPU.ActiveCfg = Debug|x86
		{1CE02E57-8E1D-4EA6-A11B-F94FED668356}.Debug|Any CPU.Build.0 = Debug|x86
		{1CE02E57-8E1D-4EA6-A11B-F94FED668356}.Debug|Any CPU.Deploy.0 = Debug|x86
		{1CE02E57-8E1D-4EA6-A11B-F94FED668356}.Debug|ARM.ActiveCfg = Debug|ARM
		{1CE02E57-8E1D-4EA6-A11B-F94FED668356}.Debug|ARM.Build.0 = Debug|ARM
		{1CE02E57-8E1D-4EA6-A11B-F94FED668356}.Debug|ARM.Deploy.0 = Debug|ARM
		{1CE02E57-8E1D-4EA6-A11B-F94FED668356}.Debug|iPhone.ActiveCfg = Debug|x86
		{1CE02E57-8E1D-4EA6-A11B-F94FED668356}.Debug|iPhone.Build.0 = Debug|x86
		{1CE02E57-8E1D-4EA6-A11B-F94FED668356}.Debug|iPhone.Deploy.0 = Debug|x86
		{1CE02E57-8E1D-4EA6-A11B-F94FED668356}.Debug|iPhoneSimulator.ActiveCfg = Debug|x86
		{1CE02E57-8E1D-4EA6-A11B-F94FED668356}.Debug|iPhoneSimulator.Build.0 = Debug|x86
		{1CE02E57-8E1D-4EA6-A11B-F94FED668356}.Debug|iPhoneSimulator.Deploy.0 = Debug|x86
		{1CE02E57-8E1D-4EA6-A11B-F94FED668356}.Debug|x64.ActiveCfg = Debug|x64
		{1CE02E57-8E1D-4EA6-A11B-F94FED668356}.Debug|x64.Build.0 = Debug|x64
		{1CE02E57-8E1D-4EA6-A11B-F94FED668356}.Debug|x64.Deploy.0 = Debug|x64
		{1CE02E57-8E1D-4EA6-A11B-F94FED668356}.Debug|x86.ActiveCfg = Debug|x86
		{1CE02E57-8E1D-4EA6-A11B-F94FED668356}.Debug|x86.Build.0 = Debug|x86
		{1CE02E57-8E1D-4EA6-A11B-F94FED668356}.Debug|x86.Deploy.0 = Debug|x86
		{1CE02E57-8E1D-4EA6-A11B-F94FED668356}.Release|Any CPU.ActiveCfg = Release|x86
		{1CE02E57-8E1D-4EA6-A11B-F94FED668356}.Release|Any CPU.Build.0 = Release|x86
		{1CE02E57-8E1D-4EA6-A11B-F94FED668356}.Release|Any CPU.Deploy.0 = Release|x86
		{1CE02E57-8E1D-4EA6-A11B-F94FED668356}.Release|ARM.ActiveCfg = Release|ARM
		{1CE02E57-8E1D-4EA6-A11B-F94FED668356}.Release|ARM.Build.0 = Release|ARM
		{1CE02E57-8E1D-4EA6-A11B-F94FED668356}.Release|ARM.Deploy.0 = Release|ARM
		{1CE02E57-8E1D-4EA6-A11B-F94FED668356}.Release|iPhone.ActiveCfg = Release|x86
		{1CE02E57-8E1D-4EA6-A11B-F94FED668356}.Release|iPhone.Build.0 = Release|x86
		{1CE02E57-8E1D-4EA6-A11B-F94FED668356}.Release|iPhone.Deploy.0 = Release|x86
		{1CE02E57-8E1D-4EA6-A11B-F94FED668356}.Release|iPhoneSimulator.ActiveCfg = Release|x86
		{1CE02E57-8E1D-4EA6-A11B-F94FED668356}.Release|iPhoneSimulator.Build.0 = Release|x86
		{1CE02E57-8E1D-4EA6-A11B-F94FED668356}.Release|iPhoneSimulator.Deploy.0 = Release|x86
		{1CE02E57-8E1D-4EA6-A11B-F94FED668356}.Release|x64.ActiveCfg = Release|x64
		{1CE02E57-8E1D-4EA6-A11B-F94FED668356}.Release|x64.Build.0 = Release|x64
		{1CE02E57-8E1D-4EA6-A11B-F94FED668356}.Release|x64.Deploy.0 = Release|x64
		{1CE02E57-8E1D-4EA6-A11B-F94FED668356}.Release|x86.ActiveCfg = Release|x86
		{1CE02E57-8E1D-4EA6-A11B-F94FED668356}.Release|x86.Build.0 = Release|x86
		{1CE02E57-8E1D-4EA6-A11B-F94FED668356}.Release|x86.Deploy.0 = Release|x86
		{0ADDAF04-E494-4370-8198-485B5D985FEB}.Debug|Any CPU.ActiveCfg = Debug|Any CPU
		{0ADDAF04-E494-4370-8198-485B5D985FEB}.Debug|Any CPU.Build.0 = Debug|Any CPU
		{0ADDAF04-E494-4370-8198-485B5D985FEB}.Debug|Any CPU.Deploy.0 = Debug|Any CPU
		{0ADDAF04-E494-4370-8198-485B5D985FEB}.Debug|ARM.ActiveCfg = Debug|Any CPU
		{0ADDAF04-E494-4370-8198-485B5D985FEB}.Debug|ARM.Build.0 = Debug|Any CPU
		{0ADDAF04-E494-4370-8198-485B5D985FEB}.Debug|ARM.Deploy.0 = Debug|Any CPU
		{0ADDAF04-E494-4370-8198-485B5D985FEB}.Debug|iPhone.ActiveCfg = Debug|Any CPU
		{0ADDAF04-E494-4370-8198-485B5D985FEB}.Debug|iPhone.Build.0 = Debug|Any CPU
		{0ADDAF04-E494-4370-8198-485B5D985FEB}.Debug|iPhone.Deploy.0 = Debug|Any CPU
		{0ADDAF04-E494-4370-8198-485B5D985FEB}.Debug|iPhoneSimulator.ActiveCfg = Debug|Any CPU
		{0ADDAF04-E494-4370-8198-485B5D985FEB}.Debug|iPhoneSimulator.Build.0 = Debug|Any CPU
		{0ADDAF04-E494-4370-8198-485B5D985FEB}.Debug|iPhoneSimulator.Deploy.0 = Debug|Any CPU
		{0ADDAF04-E494-4370-8198-485B5D985FEB}.Debug|x64.ActiveCfg = Debug|Any CPU
		{0ADDAF04-E494-4370-8198-485B5D985FEB}.Debug|x64.Build.0 = Debug|Any CPU
		{0ADDAF04-E494-4370-8198-485B5D985FEB}.Debug|x64.Deploy.0 = Debug|Any CPU
		{0ADDAF04-E494-4370-8198-485B5D985FEB}.Debug|x86.ActiveCfg = Debug|Any CPU
		{0ADDAF04-E494-4370-8198-485B5D985FEB}.Debug|x86.Build.0 = Debug|Any CPU
		{0ADDAF04-E494-4370-8198-485B5D985FEB}.Debug|x86.Deploy.0 = Debug|Any CPU
		{0ADDAF04-E494-4370-8198-485B5D985FEB}.Release|Any CPU.ActiveCfg = Release|Any CPU
		{0ADDAF04-E494-4370-8198-485B5D985FEB}.Release|Any CPU.Build.0 = Release|Any CPU
		{0ADDAF04-E494-4370-8198-485B5D985FEB}.Release|Any CPU.Deploy.0 = Release|Any CPU
		{0ADDAF04-E494-4370-8198-485B5D985FEB}.Release|ARM.ActiveCfg = Release|Any CPU
		{0ADDAF04-E494-4370-8198-485B5D985FEB}.Release|ARM.Build.0 = Release|Any CPU
		{0ADDAF04-E494-4370-8198-485B5D985FEB}.Release|ARM.Deploy.0 = Release|Any CPU
		{0ADDAF04-E494-4370-8198-485B5D985FEB}.Release|iPhone.ActiveCfg = Release|Any CPU
		{0ADDAF04-E494-4370-8198-485B5D985FEB}.Release|iPhone.Build.0 = Release|Any CPU
		{0ADDAF04-E494-4370-8198-485B5D985FEB}.Release|iPhone.Deploy.0 = Release|Any CPU
		{0ADDAF04-E494-4370-8198-485B5D985FEB}.Release|iPhoneSimulator.ActiveCfg = Release|Any CPU
		{0ADDAF04-E494-4370-8198-485B5D985FEB}.Release|iPhoneSimulator.Build.0 = Release|Any CPU
		{0ADDAF04-E494-4370-8198-485B5D985FEB}.Release|iPhoneSimulator.Deploy.0 = Release|Any CPU
		{0ADDAF04-E494-4370-8198-485B5D985FEB}.Release|x64.ActiveCfg = Release|Any CPU
		{0ADDAF04-E494-4370-8198-485B5D985FEB}.Release|x64.Build.0 = Release|Any CPU
		{0ADDAF04-E494-4370-8198-485B5D985FEB}.Release|x64.Deploy.0 = Release|Any CPU
		{0ADDAF04-E494-4370-8198-485B5D985FEB}.Release|x86.ActiveCfg = Release|Any CPU
		{0ADDAF04-E494-4370-8198-485B5D985FEB}.Release|x86.Build.0 = Release|Any CPU
		{0ADDAF04-E494-4370-8198-485B5D985FEB}.Release|x86.Deploy.0 = Release|Any CPU
		{F7BE515B-8CC3-4046-95C3-86D631641936}.Debug|Any CPU.ActiveCfg = Debug|iPhoneSimulator
		{F7BE515B-8CC3-4046-95C3-86D631641936}.Debug|Any CPU.Build.0 = Debug|iPhoneSimulator
		{F7BE515B-8CC3-4046-95C3-86D631641936}.Debug|Any CPU.Deploy.0 = Debug|iPhoneSimulator
		{F7BE515B-8CC3-4046-95C3-86D631641936}.Debug|ARM.ActiveCfg = Debug|iPhone
		{F7BE515B-8CC3-4046-95C3-86D631641936}.Debug|ARM.Build.0 = Debug|iPhone
		{F7BE515B-8CC3-4046-95C3-86D631641936}.Debug|ARM.Deploy.0 = Debug|iPhone
		{F7BE515B-8CC3-4046-95C3-86D631641936}.Debug|iPhone.ActiveCfg = Debug|iPhone
		{F7BE515B-8CC3-4046-95C3-86D631641936}.Debug|iPhone.Build.0 = Debug|iPhone
		{F7BE515B-8CC3-4046-95C3-86D631641936}.Debug|iPhone.Deploy.0 = Debug|iPhone
		{F7BE515B-8CC3-4046-95C3-86D631641936}.Debug|iPhoneSimulator.ActiveCfg = Debug|iPhoneSimulator
		{F7BE515B-8CC3-4046-95C3-86D631641936}.Debug|iPhoneSimulator.Build.0 = Debug|iPhoneSimulator
		{F7BE515B-8CC3-4046-95C3-86D631641936}.Debug|iPhoneSimulator.Deploy.0 = Debug|iPhoneSimulator
		{F7BE515B-8CC3-4046-95C3-86D631641936}.Debug|x64.ActiveCfg = Debug|iPhoneSimulator
		{F7BE515B-8CC3-4046-95C3-86D631641936}.Debug|x64.Build.0 = Debug|iPhoneSimulator
		{F7BE515B-8CC3-4046-95C3-86D631641936}.Debug|x64.Deploy.0 = Debug|iPhoneSimulator
		{F7BE515B-8CC3-4046-95C3-86D631641936}.Debug|x86.ActiveCfg = Debug|iPhoneSimulator
		{F7BE515B-8CC3-4046-95C3-86D631641936}.Debug|x86.Build.0 = Debug|iPhoneSimulator
		{F7BE515B-8CC3-4046-95C3-86D631641936}.Debug|x86.Deploy.0 = Debug|iPhoneSimulator
		{F7BE515B-8CC3-4046-95C3-86D631641936}.Release|Any CPU.ActiveCfg = Release|iPhoneSimulator
		{F7BE515B-8CC3-4046-95C3-86D631641936}.Release|Any CPU.Build.0 = Release|iPhoneSimulator
		{F7BE515B-8CC3-4046-95C3-86D631641936}.Release|Any CPU.Deploy.0 = Release|iPhoneSimulator
		{F7BE515B-8CC3-4046-95C3-86D631641936}.Release|ARM.ActiveCfg = Release|iPhoneSimulator
		{F7BE515B-8CC3-4046-95C3-86D631641936}.Release|ARM.Build.0 = Release|iPhoneSimulator
		{F7BE515B-8CC3-4046-95C3-86D631641936}.Release|ARM.Deploy.0 = Release|iPhoneSimulator
		{F7BE515B-8CC3-4046-95C3-86D631641936}.Release|iPhone.ActiveCfg = Release|iPhone
		{F7BE515B-8CC3-4046-95C3-86D631641936}.Release|iPhone.Build.0 = Release|iPhone
		{F7BE515B-8CC3-4046-95C3-86D631641936}.Release|iPhone.Deploy.0 = Release|iPhone
		{F7BE515B-8CC3-4046-95C3-86D631641936}.Release|iPhoneSimulator.ActiveCfg = Release|iPhoneSimulator
		{F7BE515B-8CC3-4046-95C3-86D631641936}.Release|iPhoneSimulator.Build.0 = Release|iPhoneSimulator
		{F7BE515B-8CC3-4046-95C3-86D631641936}.Release|iPhoneSimulator.Deploy.0 = Release|iPhoneSimulator
		{F7BE515B-8CC3-4046-95C3-86D631641936}.Release|x64.ActiveCfg = Release|iPhoneSimulator
		{F7BE515B-8CC3-4046-95C3-86D631641936}.Release|x64.Build.0 = Release|iPhoneSimulator
		{F7BE515B-8CC3-4046-95C3-86D631641936}.Release|x64.Deploy.0 = Release|iPhoneSimulator
		{F7BE515B-8CC3-4046-95C3-86D631641936}.Release|x86.ActiveCfg = Release|iPhoneSimulator
		{F7BE515B-8CC3-4046-95C3-86D631641936}.Release|x86.Build.0 = Release|iPhoneSimulator
		{F7BE515B-8CC3-4046-95C3-86D631641936}.Release|x86.Deploy.0 = Release|iPhoneSimulator
		{50B4043F-B543-4FB0-8554-3A9E6F36D6DB}.Debug|Any CPU.ActiveCfg = Debug|Any CPU
		{50B4043F-B543-4FB0-8554-3A9E6F36D6DB}.Debug|Any CPU.Build.0 = Debug|Any CPU
		{50B4043F-B543-4FB0-8554-3A9E6F36D6DB}.Debug|Any CPU.Deploy.0 = Debug|Any CPU
		{50B4043F-B543-4FB0-8554-3A9E6F36D6DB}.Debug|ARM.ActiveCfg = Debug|Any CPU
		{50B4043F-B543-4FB0-8554-3A9E6F36D6DB}.Debug|ARM.Build.0 = Debug|Any CPU
		{50B4043F-B543-4FB0-8554-3A9E6F36D6DB}.Debug|ARM.Deploy.0 = Debug|Any CPU
		{50B4043F-B543-4FB0-8554-3A9E6F36D6DB}.Debug|iPhone.ActiveCfg = Debug|Any CPU
		{50B4043F-B543-4FB0-8554-3A9E6F36D6DB}.Debug|iPhone.Build.0 = Debug|Any CPU
		{50B4043F-B543-4FB0-8554-3A9E6F36D6DB}.Debug|iPhone.Deploy.0 = Debug|Any CPU
		{50B4043F-B543-4FB0-8554-3A9E6F36D6DB}.Debug|iPhoneSimulator.ActiveCfg = Debug|Any CPU
		{50B4043F-B543-4FB0-8554-3A9E6F36D6DB}.Debug|iPhoneSimulator.Build.0 = Debug|Any CPU
		{50B4043F-B543-4FB0-8554-3A9E6F36D6DB}.Debug|iPhoneSimulator.Deploy.0 = Debug|Any CPU
		{50B4043F-B543-4FB0-8554-3A9E6F36D6DB}.Debug|x64.ActiveCfg = Debug|Any CPU
		{50B4043F-B543-4FB0-8554-3A9E6F36D6DB}.Debug|x64.Build.0 = Debug|Any CPU
		{50B4043F-B543-4FB0-8554-3A9E6F36D6DB}.Debug|x64.Deploy.0 = Debug|Any CPU
		{50B4043F-B543-4FB0-8554-3A9E6F36D6DB}.Debug|x86.ActiveCfg = Debug|Any CPU
		{50B4043F-B543-4FB0-8554-3A9E6F36D6DB}.Debug|x86.Build.0 = Debug|Any CPU
		{50B4043F-B543-4FB0-8554-3A9E6F36D6DB}.Debug|x86.Deploy.0 = Debug|Any CPU
		{50B4043F-B543-4FB0-8554-3A9E6F36D6DB}.Release|Any CPU.ActiveCfg = Release|Any CPU
		{50B4043F-B543-4FB0-8554-3A9E6F36D6DB}.Release|Any CPU.Build.0 = Release|Any CPU
		{50B4043F-B543-4FB0-8554-3A9E6F36D6DB}.Release|Any CPU.Deploy.0 = Release|Any CPU
		{50B4043F-B543-4FB0-8554-3A9E6F36D6DB}.Release|ARM.ActiveCfg = Release|Any CPU
		{50B4043F-B543-4FB0-8554-3A9E6F36D6DB}.Release|ARM.Build.0 = Release|Any CPU
		{50B4043F-B543-4FB0-8554-3A9E6F36D6DB}.Release|ARM.Deploy.0 = Release|Any CPU
		{50B4043F-B543-4FB0-8554-3A9E6F36D6DB}.Release|iPhone.ActiveCfg = Release|Any CPU
		{50B4043F-B543-4FB0-8554-3A9E6F36D6DB}.Release|iPhone.Build.0 = Release|Any CPU
		{50B4043F-B543-4FB0-8554-3A9E6F36D6DB}.Release|iPhone.Deploy.0 = Release|Any CPU
		{50B4043F-B543-4FB0-8554-3A9E6F36D6DB}.Release|iPhoneSimulator.ActiveCfg = Release|Any CPU
		{50B4043F-B543-4FB0-8554-3A9E6F36D6DB}.Release|iPhoneSimulator.Build.0 = Release|Any CPU
		{50B4043F-B543-4FB0-8554-3A9E6F36D6DB}.Release|iPhoneSimulator.Deploy.0 = Release|Any CPU
		{50B4043F-B543-4FB0-8554-3A9E6F36D6DB}.Release|x64.ActiveCfg = Release|Any CPU
		{50B4043F-B543-4FB0-8554-3A9E6F36D6DB}.Release|x64.Build.0 = Release|Any CPU
		{50B4043F-B543-4FB0-8554-3A9E6F36D6DB}.Release|x64.Deploy.0 = Release|Any CPU
		{50B4043F-B543-4FB0-8554-3A9E6F36D6DB}.Release|x86.ActiveCfg = Release|Any CPU
		{50B4043F-B543-4FB0-8554-3A9E6F36D6DB}.Release|x86.Build.0 = Release|Any CPU
		{50B4043F-B543-4FB0-8554-3A9E6F36D6DB}.Release|x86.Deploy.0 = Release|Any CPU
	EndGlobalSection
	GlobalSection(SolutionProperties) = preSolution
		HideSolutionNode = FALSE
	EndGlobalSection
	GlobalSection(ExtensibilityGlobals) = postSolution
		SolutionGuid = {96C2F3CE-DE53-480C-BA8F-1D27C4227A8F}
	EndGlobalSection
EndGlobal
